# THIS IS AN AUTOGENERATED FILE. DO NOT EDIT THIS FILE DIRECTLY.
# yarn lockfile v1


"@babel/runtime@^7.12.0", "@babel/runtime@^7.3.1":
  version "7.12.5"
  resolved "https://registry.yarnpkg.com/@babel/runtime/-/runtime-7.12.5.tgz#410e7e487441e1b360c29be715d870d9b985882e"
  integrity sha512-plcc+hbExy3McchJCEQG3knOsuh3HH+Prx1P6cLIkET/0dLuQDEnrT+s27Axgc9bqfsmNUNHfscgMUdBpC9xfg==
  dependencies:
    regenerator-runtime "^0.13.4"

html-parse-stringify2@2.0.1:
  version "2.0.1"
  resolved "https://registry.yarnpkg.com/html-parse-stringify2/-/html-parse-stringify2-2.0.1.tgz#dc5670b7292ca158b7bc916c9a6735ac8872834a"
  integrity sha1-3FZwtyksoVi3vJFsmmc1rIhyg0o=
  dependencies:
    void-elements "^2.0.1"

i18next@^19.8.3:
  version "19.8.3"
  resolved "https://registry.yarnpkg.com/i18next/-/i18next-19.8.3.tgz#10df7222db8c23389b13bceb9ba67a5e20a0241e"
  integrity sha512-eVrqAw2gGGYYJaJMYw4VM1FNFawLD4b84IsoTZMVXeWHaxAM2gyTa34j2Sip15UkBz/LrSxdFJj0Jhlrz7EvHA==
  dependencies:
    "@babel/runtime" "^7.12.0"

react-i18next@^11.7.3:
  version "11.7.3"
  resolved "https://registry.yarnpkg.com/react-i18next/-/react-i18next-11.7.3.tgz#256461c46baf5b3208c3c6860ca4e569fc7ed053"
  integrity sha512-7sYZqVZgdaS9Z0ZH6nuJFErCD0zz5wK3jR4/xCrWjZcxHHF3GRu7BXdicbSPprZV4ZYz7LJzxxMHO7dg5Qb70A==
  dependencies:
    "@babel/runtime" "^7.3.1"
    html-parse-stringify2 "2.0.1"

regenerator-runtime@^0.13.4:
  version "0.13.7"
  resolved "https://registry.yarnpkg.com/regenerator-runtime/-/regenerator-runtime-0.13.7.tgz#cac2dacc8a1ea675feaabaeb8ae833898ae46f55"
  integrity sha512-a54FxoJDIr27pgf7IgeQGxmqUNYrcV338lf/6gH456HZ/PhX+5BcwHXG9ajESmwe6WRO0tAzRUrRmNONWgkrew==

void-elements@^2.0.1:
  version "2.0.1"
  resolved "https://registry.yarnpkg.com/void-elements/-/void-elements-2.0.1.tgz#c066afb582bb1cb4128d60ea92392e94d5e9dbec"
  integrity sha1-wGavtYK7HLQSjWDqkjkulNXp2+w=
